
Microsoft Visual Studio Solution File, Format Version 12.00
# Visual Studio 14
VisualStudioVersion = 14.0.25420.1
MinimumVisualStudioVersion = 10.0.40219.1
Project("{FAE04EC0-301F-11D3-BF4B-00C04F79EFBC}") = "MapCalculator", "MapCalculator\MapCalculator.csproj", "{70FAA321-9351-4386-BCEC-8877CB3547C5}"
EndProject
Project("{FAE04EC0-301F-11D3-BF4B-00C04F79EFBC}") = "Core", "Core\Core.csproj", "{050A12F6-2696-4B14-8417-8B4B3D2BDB2E}"
EndProject
Project("{FAE04EC0-301F-11D3-BF4B-00C04F79EFBC}") = "Kriging", "IDW\Kriging.csproj", "{B24CE088-51D8-479F-81C3-0DDAC5B00BD2}"
EndProject
Project("{FAE04EC0-301F-11D3-BF4B-00C04F79EFBC}") = "KrigingTests", "IDWTests\KrigingTests.csproj", "{F6B79364-270B-4A3F-976F-A9061161FD48}"
EndProject
Global
	GlobalSection(SolutionConfigurationPlatforms) = preSolution
		Debug|Any CPU = Debug|Any CPU
		Release|Any CPU = Release|Any CPU
	EndGlobalSection
	GlobalSection(ProjectConfigurationPlatforms) = postSolution
		{70FAA321-9351-4386-BCEC-8877CB3547C5}.Debug|Any CPU.ActiveCfg = Debug|Any CPU
		{70FAA321-9351-4386-BCEC-8877CB3547C5}.Debug|Any CPU.Build.0 = Debug|Any CPU
		{70FAA321-9351-4386-BCEC-8877CB3547C5}.Release|Any CPU.ActiveCfg = Release|Any CPU
		{70FAA321-9351-4386-BCEC-8877CB3547C5}.Release|Any CPU.Build.0 = Release|Any CPU
		{050A12F6-2696-4B14-8417-8B4B3D2BDB2E}.Debug|Any CPU.ActiveCfg = Debug|Any CPU
		{050A12F6-2696-4B14-8417-8B4B3D2BDB2E}.Debug|Any CPU.Build.0 = Debug|Any CPU
		{050A12F6-2696-4B14-8417-8B4B3D2BDB2E}.Release|Any CPU.ActiveCfg = Release|Any CPU
		{050A12F6-2696-4B14-8417-8B4B3D2BDB2E}.Release|Any CPU.Build.0 = Release|Any CPU
		{B24CE088-51D8-479F-81C3-0DDAC5B00BD2}.Debug|Any CPU.ActiveCfg = Debug|Any CPU
		{B24CE088-51D8-479F-81C3-0DDAC5B00BD2}.Debug|Any CPU.Build.0 = Debug|Any CPU
		{B24CE088-51D8-479F-81C3-0DDAC5B00BD2}.Release|Any CPU.ActiveCfg = Release|Any CPU
		{B24CE088-51D8-479F-81C3-0DDAC5B00BD2}.Release|Any CPU.Build.0 = Release|Any CPU
		{F6B79364-270B-4A3F-976F-A9061161FD48}.Debug|Any CPU.ActiveCfg = Debug|Any CPU
		{F6B79364-270B-4A3F-976F-A9061161FD48}.Debug|Any CPU.Build.0 = Debug|Any CPU
		{F6B79364-270B-4A3F-976F-A9061161FD48}.Release|Any CPU.ActiveCfg = Release|Any CPU
		{F6B79364-270B-4A3F-976F-A9061161FD48}.Release|Any CPU.Build.0 = Release|Any CPU
	EndGlobalSection
	GlobalSection(SolutionProperties) = preSolution
		HideSolutionNode = FALSE
	EndGlobalSection
EndGlobal
